
Microsoft Visual Studio Solution File, Format Version 11.00
# Visual Studio 2010
Project("{FAE04EC0-301F-11D3-BF4B-00C04F79EFBC}") = "UniTask", "UniTask.csproj", "{b94ddb1f-58c4-e983-a3dc-268d3f74fec3}"
EndProject
Project("{FAE04EC0-301F-11D3-BF4B-00C04F79EFBC}") = "UniRx", "UniRx.csproj", "{14299ced-2bde-3c00-0016-7a49c9c30116}"
EndProject
Project("{FAE04EC0-301F-11D3-BF4B-00C04F79EFBC}") = "Assembly-CSharp", "Assembly-CSharp.csproj", "{45a9e802-25c3-f088-20d3-6c4e41846192}"
EndProject
Project("{FAE04EC0-301F-11D3-BF4B-00C04F79EFBC}") = "UniTask.Linq", "UniTask.Linq.csproj", "{9ddf830b-2586-e3b9-e33c-fb06e3c403a3}"
EndProject
Project("{FAE04EC0-301F-11D3-BF4B-00C04F79EFBC}") = "Assembly-CSharp-firstpass", "Assembly-CSharp-firstpass.csproj", "{75288e12-67b8-8a3d-90db-721b088a98d2}"
EndProject
Project("{FAE04EC0-301F-11D3-BF4B-00C04F79EFBC}") = "FancyScrollView", "FancyScrollView.csproj", "{41063c0c-ba4d-998b-0d63-ee2463e76d99}"
EndProject
Project("{FAE04EC0-301F-11D3-BF4B-00C04F79EFBC}") = "UniTask.DOTween", "UniTask.DOTween.csproj", "{8b9a10ef-4c92-a56d-f5be-d7299cc21e21}"
EndProject
Project("{FAE04EC0-301F-11D3-BF4B-00C04F79EFBC}") = "Sirenix.OdinInspector.CompatibilityLayer", "Sirenix.OdinInspector.CompatibilityLayer.csproj", "{df8c50eb-a9af-fdfb-dc41-3ef1952987e2}"
EndProject
Project("{FAE04EC0-301F-11D3-BF4B-00C04F79EFBC}") = "UniRx.Examples", "UniRx.Examples.csproj", "{da343a37-2c96-0451-07a3-e6b3ba9b5072}"
EndProject
Project("{FAE04EC0-301F-11D3-BF4B-00C04F79EFBC}") = "UniTask.TextMeshPro", "UniTask.TextMeshPro.csproj", "{4339450b-f2a6-2278-306a-dc91e7a7a78a}"
EndProject
Project("{FAE04EC0-301F-11D3-BF4B-00C04F79EFBC}") = "UniTask.Addressables", "UniTask.Addressables.csproj", "{1d7cc6a2-7560-7aa1-53d9-024323fc61cd}"
EndProject
Project("{FAE04EC0-301F-11D3-BF4B-00C04F79EFBC}") = "Sirenix.OdinInspector.CompatibilityLayer.Editor", "Sirenix.OdinInspector.CompatibilityLayer.Editor.csproj", "{6ea04267-f3ef-cd5a-1153-5f7abb36808b}"
EndProject
Project("{FAE04EC0-301F-11D3-BF4B-00C04F79EFBC}") = "UniTask.Editor", "UniTask.Editor.csproj", "{b54390a1-c412-22dd-dc2e-f865a06f27dc}"
EndProject
Project("{FAE04EC0-301F-11D3-BF4B-00C04F79EFBC}") = "Assembly-CSharp-Editor", "Assembly-CSharp-Editor.csproj", "{9ea26b12-94e1-0abb-7a50-d9fc8982b01a}"
EndProject
Project("{FAE04EC0-301F-11D3-BF4B-00C04F79EFBC}") = "FancyScrollView.Editor", "FancyScrollView.Editor.csproj", "{87e0510f-1d69-1103-e86f-73a74518eeb3}"
EndProject
Global
	GlobalSection(SolutionConfigurationPlatforms) = preSolution
		Debug|Any CPU = Debug|Any CPU
	EndGlobalSection
	GlobalSection(ProjectConfigurationPlatforms) = postSolution
		{b94ddb1f-58c4-e983-a3dc-268d3f74fec3}.Debug|Any CPU.ActiveCfg = Debug|Any CPU
		{b94ddb1f-58c4-e983-a3dc-268d3f74fec3}.Debug|Any CPU.Build.0 = Debug|Any CPU
		{14299ced-2bde-3c00-0016-7a49c9c30116}.Debug|Any CPU.ActiveCfg = Debug|Any CPU
		{14299ced-2bde-3c00-0016-7a49c9c30116}.Debug|Any CPU.Build.0 = Debug|Any CPU
		{45a9e802-25c3-f088-20d3-6c4e41846192}.Debug|Any CPU.ActiveCfg = Debug|Any CPU
		{45a9e802-25c3-f088-20d3-6c4e41846192}.Debug|Any CPU.Build.0 = Debug|Any CPU
		{9ddf830b-2586-e3b9-e33c-fb06e3c403a3}.Debug|Any CPU.ActiveCfg = Debug|Any CPU
		{9ddf830b-2586-e3b9-e33c-fb06e3c403a3}.Debug|Any CPU.Build.0 = Debug|Any CPU
		{75288e12-67b8-8a3d-90db-721b088a98d2}.Debug|Any CPU.ActiveCfg = Debug|Any CPU
		{75288e12-67b8-8a3d-90db-721b088a98d2}.Debug|Any CPU.Build.0 = Debug|Any CPU
		{41063c0c-ba4d-998b-0d63-ee2463e76d99}.Debug|Any CPU.ActiveCfg = Debug|Any CPU
		{41063c0c-ba4d-998b-0d63-ee2463e76d99}.Debug|Any CPU.Build.0 = Debug|Any CPU
		{8b9a10ef-4c92-a56d-f5be-d7299cc21e21}.Debug|Any CPU.ActiveCfg = Debug|Any CPU
		{8b9a10ef-4c92-a56d-f5be-d7299cc21e21}.Debug|Any CPU.Build.0 = Debug|Any CPU
		{df8c50eb-a9af-fdfb-dc41-3ef1952987e2}.Debug|Any CPU.ActiveCfg = Debug|Any CPU
		{df8c50eb-a9af-fdfb-dc41-3ef1952987e2}.Debug|Any CPU.Build.0 = Debug|Any CPU
		{da343a37-2c96-0451-07a3-e6b3ba9b5072}.Debug|Any CPU.ActiveCfg = Debug|Any CPU
		{da343a37-2c96-0451-07a3-e6b3ba9b5072}.Debug|Any CPU.Build.0 = Debug|Any CPU
		{4339450b-f2a6-2278-306a-dc91e7a7a78a}.Debug|Any CPU.ActiveCfg = Debug|Any CPU
		{4339450b-f2a6-2278-306a-dc91e7a7a78a}.Debug|Any CPU.Build.0 = Debug|Any CPU
		{1d7cc6a2-7560-7aa1-53d9-024323fc61cd}.Debug|Any CPU.ActiveCfg = Debug|Any CPU
		{1d7cc6a2-7560-7aa1-53d9-024323fc61cd}.Debug|Any CPU.Build.0 = Debug|Any CPU
		{6ea04267-f3ef-cd5a-1153-5f7abb36808b}.Debug|Any CPU.ActiveCfg = Debug|Any CPU
		{6ea04267-f3ef-cd5a-1153-5f7abb36808b}.Debug|Any CPU.Build.0 = Debug|Any CPU
		{b54390a1-c412-22dd-dc2e-f865a06f27dc}.Debug|Any CPU.ActiveCfg = Debug|Any CPU
		{b54390a1-c412-22dd-dc2e-f865a06f27dc}.Debug|Any CPU.Build.0 = Debug|Any CPU
		{9ea26b12-94e1-0abb-7a50-d9fc8982b01a}.Debug|Any CPU.ActiveCfg = Debug|Any CPU
		{9ea26b12-94e1-0abb-7a50-d9fc8982b01a}.Debug|Any CPU.Build.0 = Debug|Any CPU
		{87e0510f-1d69-1103-e86f-73a74518eeb3}.Debug|Any CPU.ActiveCfg = Debug|Any CPU
		{87e0510f-1d69-1103-e86f-73a74518eeb3}.Debug|Any CPU.Build.0 = Debug|Any CPU
	EndGlobalSection
	GlobalSection(SolutionProperties) = preSolution
		HideSolutionNode = FALSE
	EndGlobalSection
EndGlobal
